
Microsoft Visual Studio Solution File, Format Version 12.00
Project("{FAE04EC0-301F-11D3-BF4B-00C04F79EFBC}") = "LMFOOLS", "LMFOOLS\LMFOOLS.csproj", "{1EAD00A6-D2BA-44A7-A092-70B5DF37C374}"
EndProject
Project("{FAE04EC0-301F-11D3-BF4B-00C04F79EFBC}") = "LMFOOLS.Android", "LMFOOLS.Android\LMFOOLS.Android.csproj", "{41C9AB00-CCE0-4E35-84F9-155D6F4FAF5D}"
EndProject
Project("{FAE04EC0-301F-11D3-BF4B-00C04F79EFBC}") = "LMFOOLS.Desktop", "LMFOOLS.Desktop\LMFOOLS.Desktop.csproj", "{356A9739-FDC4-4945-84C0-F6DFE480F33C}"
EndProject
Project("{FAE04EC0-301F-11D3-BF4B-00C04F79EFBC}") = "LMFOOLS.iOS", "LMFOOLS.iOS\LMFOOLS.iOS.csproj", "{BEEBE504-23B2-4CD3-9127-A7DDA6008682}"
EndProject
Project("{FAE04EC0-301F-11D3-BF4B-00C04F79EFBC}") = "LMFOOLS.Browser", "LMFOOLS.Browser\LMFOOLS.Browser.csproj", "{F21F50B8-E5F5-40C3-8BD0-F99B49AAE377}"
EndProject
Global
	GlobalSection(SolutionConfigurationPlatforms) = preSolution
		Debug|Any CPU = Debug|Any CPU
		Release|Any CPU = Release|Any CPU
	EndGlobalSection
	GlobalSection(ProjectConfigurationPlatforms) = postSolution
		{1EAD00A6-D2BA-44A7-A092-70B5DF37C374}.Debug|Any CPU.ActiveCfg = Debug|Any CPU
		{1EAD00A6-D2BA-44A7-A092-70B5DF37C374}.Debug|Any CPU.Build.0 = Debug|Any CPU
		{1EAD00A6-D2BA-44A7-A092-70B5DF37C374}.Release|Any CPU.ActiveCfg = Release|Any CPU
		{1EAD00A6-D2BA-44A7-A092-70B5DF37C374}.Release|Any CPU.Build.0 = Release|Any CPU
		{41C9AB00-CCE0-4E35-84F9-155D6F4FAF5D}.Debug|Any CPU.ActiveCfg = Debug|Any CPU
		{41C9AB00-CCE0-4E35-84F9-155D6F4FAF5D}.Debug|Any CPU.Build.0 = Debug|Any CPU
		{41C9AB00-CCE0-4E35-84F9-155D6F4FAF5D}.Debug|Any CPU.Deploy.0 = Debug|Any CPU
		{41C9AB00-CCE0-4E35-84F9-155D6F4FAF5D}.Release|Any CPU.ActiveCfg = Release|Any CPU
		{41C9AB00-CCE0-4E35-84F9-155D6F4FAF5D}.Release|Any CPU.Build.0 = Release|Any CPU
		{41C9AB00-CCE0-4E35-84F9-155D6F4FAF5D}.Release|Any CPU.Deploy.0 = Release|Any CPU
		{356A9739-FDC4-4945-84C0-F6DFE480F33C}.Debug|Any CPU.ActiveCfg = Debug|Any CPU
		{356A9739-FDC4-4945-84C0-F6DFE480F33C}.Debug|Any CPU.Build.0 = Debug|Any CPU
		{356A9739-FDC4-4945-84C0-F6DFE480F33C}.Release|Any CPU.ActiveCfg = Release|Any CPU
		{356A9739-FDC4-4945-84C0-F6DFE480F33C}.Release|Any CPU.Build.0 = Release|Any CPU
		{BEEBE504-23B2-4CD3-9127-A7DDA6008682}.Debug|Any CPU.ActiveCfg = Debug|Any CPU
		{BEEBE504-23B2-4CD3-9127-A7DDA6008682}.Debug|Any CPU.Build.0 = Debug|Any CPU
		{BEEBE504-23B2-4CD3-9127-A7DDA6008682}.Debug|Any CPU.Deploy.0 = Debug|Any CPU
		{BEEBE504-23B2-4CD3-9127-A7DDA6008682}.Release|Any CPU.ActiveCfg = Release|Any CPU
		{BEEBE504-23B2-4CD3-9127-A7DDA6008682}.Release|Any CPU.Build.0 = Release|Any CPU
		{BEEBE504-23B2-4CD3-9127-A7DDA6008682}.Release|Any CPU.Deploy.0 = Release|Any CPU
		{F21F50B8-E5F5-40C3-8BD0-F99B49AAE377}.Debug|Any CPU.ActiveCfg = Debug|Any CPU
		{F21F50B8-E5F5-40C3-8BD0-F99B49AAE377}.Debug|Any CPU.Build.0 = Debug|Any CPU
		{F21F50B8-E5F5-40C3-8BD0-F99B49AAE377}.Release|Any CPU.ActiveCfg = Release|Any CPU
		{F21F50B8-E5F5-40C3-8BD0-F99B49AAE377}.Release|Any CPU.Build.0 = Release|Any CPU
	EndGlobalSection
EndGlobal
